
Microsoft Visual Studio Solution File, Format Version 11.00
# Visual Studio 2010
Project("{FAE04EC0-301F-11D3-BF4B-00C04F79EFBC}") = "Zelda", "Zelda\Zelda.csproj", "{C79356F6-27D7-49F4-AEC2-7B2E4A35961C}"
EndProject
Project("{FAE04EC0-301F-11D3-BF4B-00C04F79EFBC}") = "Zelda.Web", "Zelda.Web\Zelda.Web.csproj", "{F2B580B2-7F09-4114-8FAE-B30A7AB0FC50}"
EndProject
Global
	GlobalSection(SolutionConfigurationPlatforms) = preSolution
		Debug|Any CPU = Debug|Any CPU
		Release|Any CPU = Release|Any CPU
	EndGlobalSection
	GlobalSection(ProjectConfigurationPlatforms) = postSolution
		{C79356F6-27D7-49F4-AEC2-7B2E4A35961C}.Debug|Any CPU.ActiveCfg = Debug|Any CPU
		{C79356F6-27D7-49F4-AEC2-7B2E4A35961C}.Debug|Any CPU.Build.0 = Debug|Any CPU
		{C79356F6-27D7-49F4-AEC2-7B2E4A35961C}.Release|Any CPU.ActiveCfg = Release|Any CPU
		{C79356F6-27D7-49F4-AEC2-7B2E4A35961C}.Release|Any CPU.Build.0 = Release|Any CPU
		{F2B580B2-7F09-4114-8FAE-B30A7AB0FC50}.Debug|Any CPU.ActiveCfg = Debug|Any CPU
		{F2B580B2-7F09-4114-8FAE-B30A7AB0FC50}.Debug|Any CPU.Build.0 = Debug|Any CPU
		{F2B580B2-7F09-4114-8FAE-B30A7AB0FC50}.Release|Any CPU.ActiveCfg = Release|Any CPU
		{F2B580B2-7F09-4114-8FAE-B30A7AB0FC50}.Release|Any CPU.Build.0 = Release|Any CPU
	EndGlobalSection
	GlobalSection(SolutionProperties) = preSolution
		HideSolutionNode = FALSE
	EndGlobalSection
EndGlobal
